
Microsoft Visual Studio Solution File, Format Version 12.00
# Visual Studio Version 17
VisualStudioVersion = 17.3.32922.545
MinimumVisualStudioVersion = 10.0.40219.1
Project("{FAE04EC0-301F-11D3-BF4B-00C04F79EFBC}") = "NLayer.Core", "NLayer.Core\NLayer.Core.csproj", "{FC454062-FE3C-40D2-936B-B99B3254DB37}"
EndProject
Project("{FAE04EC0-301F-11D3-BF4B-00C04F79EFBC}") = "NLayer.Repository", "NLayer.Repository\NLayer.Repository.csproj", "{9AB0FE16-E8C8-419C-A619-7AF1EA23E831}"
EndProject
Project("{FAE04EC0-301F-11D3-BF4B-00C04F79EFBC}") = "NLayer.Service", "NLayer.Service\NLayer.Service.csproj", "{8C1DE572-C03A-43E1-99F7-BA4534D82B98}"
EndProject
Project("{FAE04EC0-301F-11D3-BF4B-00C04F79EFBC}") = "NLayer.API", "NLayer.API\NLayer.API.csproj", "{0A90EEA9-3726-4BCA-8734-80DA205993A6}"
EndProject
Project("{FAE04EC0-301F-11D3-BF4B-00C04F79EFBC}") = "NLayer.Web", "NLayer.Web\NLayer.Web.csproj", "{3653A6FA-7F84-44C1-B036-89F623A28F82}"
EndProject
Project("{FAE04EC0-301F-11D3-BF4B-00C04F79EFBC}") = "NLayer.Caching", "NLayer.Caching\NLayer.Caching.csproj", "{AA1BB82C-6923-4AD4-8757-CE018D41BB62}"
EndProject
Global
	GlobalSection(SolutionConfigurationPlatforms) = preSolution
		Debug|Any CPU = Debug|Any CPU
		Release|Any CPU = Release|Any CPU
	EndGlobalSection
	GlobalSection(ProjectConfigurationPlatforms) = postSolution
		{FC454062-FE3C-40D2-936B-B99B3254DB37}.Debug|Any CPU.ActiveCfg = Debug|Any CPU
		{FC454062-FE3C-40D2-936B-B99B3254DB37}.Debug|Any CPU.Build.0 = Debug|Any CPU
		{FC454062-FE3C-40D2-936B-B99B3254DB37}.Release|Any CPU.ActiveCfg = Release|Any CPU
		{FC454062-FE3C-40D2-936B-B99B3254DB37}.Release|Any CPU.Build.0 = Release|Any CPU
		{9AB0FE16-E8C8-419C-A619-7AF1EA23E831}.Debug|Any CPU.ActiveCfg = Debug|Any CPU
		{9AB0FE16-E8C8-419C-A619-7AF1EA23E831}.Debug|Any CPU.Build.0 = Debug|Any CPU
		{9AB0FE16-E8C8-419C-A619-7AF1EA23E831}.Release|Any CPU.ActiveCfg = Release|Any CPU
		{9AB0FE16-E8C8-419C-A619-7AF1EA23E831}.Release|Any CPU.Build.0 = Release|Any CPU
		{8C1DE572-C03A-43E1-99F7-BA4534D82B98}.Debug|Any CPU.ActiveCfg = Debug|Any CPU
		{8C1DE572-C03A-43E1-99F7-BA4534D82B98}.Debug|Any CPU.Build.0 = Debug|Any CPU
		{8C1DE572-C03A-43E1-99F7-BA4534D82B98}.Release|Any CPU.ActiveCfg = Release|Any CPU
		{8C1DE572-C03A-43E1-99F7-BA4534D82B98}.Release|Any CPU.Build.0 = Release|Any CPU
		{0A90EEA9-3726-4BCA-8734-80DA205993A6}.Debug|Any CPU.ActiveCfg = Debug|Any CPU
		{0A90EEA9-3726-4BCA-8734-80DA205993A6}.Debug|Any CPU.Build.0 = Debug|Any CPU
		{0A90EEA9-3726-4BCA-8734-80DA205993A6}.Release|Any CPU.ActiveCfg = Release|Any CPU
		{0A90EEA9-3726-4BCA-8734-80DA205993A6}.Release|Any CPU.Build.0 = Release|Any CPU
		{3653A6FA-7F84-44C1-B036-89F623A28F82}.Debug|Any CPU.ActiveCfg = Debug|Any CPU
		{3653A6FA-7F84-44C1-B036-89F623A28F82}.Debug|Any CPU.Build.0 = Debug|Any CPU
		{3653A6FA-7F84-44C1-B036-89F623A28F82}.Release|Any CPU.ActiveCfg = Release|Any CPU
		{3653A6FA-7F84-44C1-B036-89F623A28F82}.Release|Any CPU.Build.0 = Release|Any CPU
		{AA1BB82C-6923-4AD4-8757-CE018D41BB62}.Debug|Any CPU.ActiveCfg = Debug|Any CPU
		{AA1BB82C-6923-4AD4-8757-CE018D41BB62}.Debug|Any CPU.Build.0 = Debug|Any CPU
		{AA1BB82C-6923-4AD4-8757-CE018D41BB62}.Release|Any CPU.ActiveCfg = Release|Any CPU
		{AA1BB82C-6923-4AD4-8757-CE018D41BB62}.Release|Any CPU.Build.0 = Release|Any CPU
	EndGlobalSection
	GlobalSection(SolutionProperties) = preSolution
		HideSolutionNode = FALSE
	EndGlobalSection
	GlobalSection(ExtensibilityGlobals) = postSolution
		SolutionGuid = {DD48938C-1669-4A12-92DF-3D64BFF27838}
	EndGlobalSection
EndGlobal
